// !$*UTF8*$!
{
	archiveVersion = 1;
	classes = {
	};
	objectVersion = 55;
	objects = {

/* Begin PBXBuildFile section */
		CB1785E6277863A7003B0032 /* AppDelegate.swift in Sources */ = {isa = PBXBuildFile; fileRef = CB1785E5277863A7003B0032 /* AppDelegate.swift */; };
		CB1785E8277863A7003B0032 /* SceneDelegate.swift in Sources */ = {isa = PBXBuildFile; fileRef = CB1785E7277863A7003B0032 /* SceneDelegate.swift */; };
		CB1785EA277863A7003B0032 /* MusicListViewController.swift in Sources */ = {isa = PBXBuildFile; fileRef = CB1785E9277863A7003B0032 /* MusicListViewController.swift */; };
		CB1785EF277863A9003B0032 /* Assets.xcassets in Resources */ = {isa = PBXBuildFile; fileRef = CB1785EE277863A9003B0032 /* Assets.xcassets */; };
		CB1785F2277863A9003B0032 /* LaunchScreen.storyboard in Resources */ = {isa = PBXBuildFile; fileRef = CB1785F0277863A9003B0032 /* LaunchScreen.storyboard */; };
		CB1785FB277875F9003B0032 /* Song.swift in Sources */ = {isa = PBXBuildFile; fileRef = CB1785FA277875F9003B0032 /* Song.swift */; };
		CB1785FD27787E3B003B0032 /* PlayerViewController.swift in Sources */ = {isa = PBXBuildFile; fileRef = CB1785FC27787E3B003B0032 /* PlayerViewController.swift */; };
		CBCE0F9B27822B0F004EA2EA /* AVPlayerItemExtensions.swift in Sources */ = {isa = PBXBuildFile; fileRef = CBCE0F9A27822B0F004EA2EA /* AVPlayerItemExtensions.swift */; };
		CBCE0F9F2782ECEB004EA2EA /* TimeIntervalExtensions.swift in Sources */ = {isa = PBXBuildFile; fileRef = CBCE0F9E2782ECEB004EA2EA /* TimeIntervalExtensions.swift */; };
		CBCE0FCF27843718004EA2EA /* Оставь Меня Одну.mp3 in Resources */ = {isa = PBXBuildFile; fileRef = CBCE0FC627843715004EA2EA /* Оставь Меня Одну.mp3 */; };
		CBCE0FD027843718004EA2EA /* niletto-na-postu-mp3.mp3 in Resources */ = {isa = PBXBuildFile; fileRef = CBCE0FC727843715004EA2EA /* niletto-na-postu-mp3.mp3 */; };
		CBCE0FD127843718004EA2EA /* vika-starikova-chajka-mp3.mp3 in Resources */ = {isa = PBXBuildFile; fileRef = CBCE0FC827843716004EA2EA /* vika-starikova-chajka-mp3.mp3 */; };
		CBCE0FD227843718004EA2EA /* Ее глаза.mp3 in Resources */ = {isa = PBXBuildFile; fileRef = CBCE0FC927843716004EA2EA /* Ее глаза.mp3 */; };
		CBCE0FD527843718004EA2EA /* Жертва (Oxxxymiron diss).mp3 in Resources */ = {isa = PBXBuildFile; fileRef = CBCE0FCC27843717004EA2EA /* Жертва (Oxxxymiron diss).mp3 */; };
		CBCE0FD627843718004EA2EA /* tima-belorusskikh-prosto-lera-minuta-vechera.mp3 in Resources */ = {isa = PBXBuildFile; fileRef = CBCE0FCD27843718004EA2EA /* tima-belorusskikh-prosto-lera-minuta-vechera.mp3 */; };
		CBCE0FD727843718004EA2EA /* rebzyyx-hoshie-star-all-i-want-is-you-mp3.mp3 in Resources */ = {isa = PBXBuildFile; fileRef = CBCE0FCE27843718004EA2EA /* rebzyyx-hoshie-star-all-i-want-is-you-mp3.mp3 */; };
		CBCE0FD92785A605004EA2EA /* CustomSlider.swift in Sources */ = {isa = PBXBuildFile; fileRef = CBCE0FD82785A604004EA2EA /* CustomSlider.swift */; };
/* End PBXBuildFile section */

/* Begin PBXFileReference section */
		CB1785E2277863A7003B0032 /* AudioPlayer.app */ = {isa = PBXFileReference; explicitFileType = wrapper.application; includeInIndex = 0; path = AudioPlayer.app; sourceTree = BUILT_PRODUCTS_DIR; };
		CB1785E5277863A7003B0032 /* AppDelegate.swift */ = {isa = PBXFileReference; lastKnownFileType = sourcecode.swift; path = AppDelegate.swift; sourceTree = "<group>"; };
		CB1785E7277863A7003B0032 /* SceneDelegate.swift */ = {isa = PBXFileReference; lastKnownFileType = sourcecode.swift; path = SceneDelegate.swift; sourceTree = "<group>"; };
		CB1785E9277863A7003B0032 /* MusicListViewController.swift */ = {isa = PBXFileReference; lastKnownFileType = sourcecode.swift; path = MusicListViewController.swift; sourceTree = "<group>"; };
		CB1785EE277863A9003B0032 /* Assets.xcassets */ = {isa = PBXFileReference; lastKnownFileType = folder.assetcatalog; path = Assets.xcassets; sourceTree = "<group>"; };
		CB1785F1277863A9003B0032 /* Base */ = {isa = PBXFileReference; lastKnownFileType = file.storyboard; name = Base; path = Base.lproj/LaunchScreen.storyboard; sourceTree = "<group>"; };
		CB1785F3277863A9003B0032 /* Info.plist */ = {isa = PBXFileReference; lastKnownFileType = text.plist.xml; path = Info.plist; sourceTree = "<group>"; };
		CB1785FA277875F9003B0032 /* Song.swift */ = {isa = PBXFileReference; lastKnownFileType = sourcecode.swift; path = Song.swift; sourceTree = "<group>"; };
		CB1785FC27787E3B003B0032 /* PlayerViewController.swift */ = {isa = PBXFileReference; lastKnownFileType = sourcecode.swift; path = PlayerViewController.swift; sourceTree = "<group>"; };
		CBCE0F9A27822B0F004EA2EA /* AVPlayerItemExtensions.swift */ = {isa = PBXFileReference; lastKnownFileType = sourcecode.swift; path = AVPlayerItemExtensions.swift; sourceTree = "<group>"; };
		CBCE0F9E2782ECEB004EA2EA /* TimeIntervalExtensions.swift */ = {isa = PBXFileReference; lastKnownFileType = sourcecode.swift; path = TimeIntervalExtensions.swift; sourceTree = "<group>"; };
		CBCE0FC627843715004EA2EA /* Оставь Меня Одну.mp3 */ = {isa = PBXFileReference; lastKnownFileType = audio.mp3; path = "Оставь Меня Одну.mp3"; sourceTree = "<group>"; };
		CBCE0FC727843715004EA2EA /* niletto-na-postu-mp3.mp3 */ = {isa = PBXFileReference; lastKnownFileType = audio.mp3; path = "niletto-na-postu-mp3.mp3"; sourceTree = "<group>"; };
		CBCE0FC827843716004EA2EA /* vika-starikova-chajka-mp3.mp3 */ = {isa = PBXFileReference; lastKnownFileType = audio.mp3; path = "vika-starikova-chajka-mp3.mp3"; sourceTree = "<group>"; };
		CBCE0FC927843716004EA2EA /* Ее глаза.mp3 */ = {isa = PBXFileReference; lastKnownFileType = audio.mp3; path = "Ее глаза.mp3"; sourceTree = "<group>"; };
		CBCE0FCC27843717004EA2EA /* Жертва (Oxxxymiron diss).mp3 */ = {isa = PBXFileReference; lastKnownFileType = audio.mp3; path = "Жертва (Oxxxymiron diss).mp3"; sourceTree = "<group>"; };
		CBCE0FCD27843718004EA2EA /* tima-belorusskikh-prosto-lera-minuta-vechera.mp3 */ = {isa = PBXFileReference; lastKnownFileType = audio.mp3; path = "tima-belorusskikh-prosto-lera-minuta-vechera.mp3"; sourceTree = "<group>"; };
		CBCE0FCE27843718004EA2EA /* rebzyyx-hoshie-star-all-i-want-is-you-mp3.mp3 */ = {isa = PBXFileReference; lastKnownFileType = audio.mp3; path = "rebzyyx-hoshie-star-all-i-want-is-you-mp3.mp3"; sourceTree = "<group>"; };
		CBCE0FD82785A604004EA2EA /* CustomSlider.swift */ = {isa = PBXFileReference; lastKnownFileType = sourcecode.swift; path = CustomSlider.swift; sourceTree = "<group>"; };
/* End PBXFileReference section */

/* Begin PBXFrameworksBuildPhase section */
		CB1785DF277863A7003B0032 /* Frameworks */ = {
			isa = PBXFrameworksBuildPhase;
			buildActionMask = 2147483647;
			files = (
			);
			runOnlyForDeploymentPostprocessing = 0;
		};
/* End PBXFrameworksBuildPhase section */

/* Begin PBXGroup section */
		CB1785D9277863A7003B0032 = {
			isa = PBXGroup;
			children = (
				CB1785E4277863A7003B0032 /* AudioPlayer */,
				CB1785E3277863A7003B0032 /* Products */,
			);
			sourceTree = "<group>";
		};
		CB1785E3277863A7003B0032 /* Products */ = {
			isa = PBXGroup;
			children = (
				CB1785E2277863A7003B0032 /* AudioPlayer.app */,
			);
			name = Products;
			sourceTree = "<group>";
		};
		CB1785E4277863A7003B0032 /* AudioPlayer */ = {
			isa = PBXGroup;
			children = (
				CBCE0F9C27823E75004EA2EA /* ViewControllers */,
				CBEE315B277A4FF30000972C /* Songs */,
				CB1785FA277875F9003B0032 /* Song.swift */,
				CB4FB78E2789FC7100611A4B /* Extensions */,
				CBCE0FD82785A604004EA2EA /* CustomSlider.swift */,
				CB1785EE277863A9003B0032 /* Assets.xcassets */,
				CB1785F0277863A9003B0032 /* LaunchScreen.storyboard */,
				CB1785F3277863A9003B0032 /* Info.plist */,
				CB1785F927786556003B0032 /* SupportingFiles */,
			);
			path = AudioPlayer;
			sourceTree = "<group>";
		};
		CB1785F927786556003B0032 /* SupportingFiles */ = {
			isa = PBXGroup;
			children = (
				CB1785E5277863A7003B0032 /* AppDelegate.swift */,
				CB1785E7277863A7003B0032 /* SceneDelegate.swift */,
			);
			path = SupportingFiles;
			sourceTree = "<group>";
		};
		CB4FB78E2789FC7100611A4B /* Extensions */ = {
			isa = PBXGroup;
			children = (
				CBCE0F9E2782ECEB004EA2EA /* TimeIntervalExtensions.swift */,
				CBCE0F9A27822B0F004EA2EA /* AVPlayerItemExtensions.swift */,
			);
			path = Extensions;
			sourceTree = "<group>";
		};
		CBCE0F9C27823E75004EA2EA /* ViewControllers */ = {
			isa = PBXGroup;
			children = (
				CB1785E9277863A7003B0032 /* MusicListViewController.swift */,
				CB1785FC27787E3B003B0032 /* PlayerViewController.swift */,
			);
			path = ViewControllers;
			sourceTree = "<group>";
		};
		CBEE315B277A4FF30000972C /* Songs */ = {
			isa = PBXGroup;
			children = (
				CBCE0FC927843716004EA2EA /* Ее глаза.mp3 */,
				CBCE0FCC27843717004EA2EA /* Жертва (Oxxxymiron diss).mp3 */,
				CBCE0FC627843715004EA2EA /* Оставь Меня Одну.mp3 */,
				CBCE0FC727843715004EA2EA /* niletto-na-postu-mp3.mp3 */,
				CBCE0FCE27843718004EA2EA /* rebzyyx-hoshie-star-all-i-want-is-you-mp3.mp3 */,
				CBCE0FCD27843718004EA2EA /* tima-belorusskikh-prosto-lera-minuta-vechera.mp3 */,
				CBCE0FC827843716004EA2EA /* vika-starikova-chajka-mp3.mp3 */,
			);
			path = Songs;
			sourceTree = "<group>";
		};
/* End PBXGroup section */

/* Begin PBXNativeTarget section */
		CB1785E1277863A7003B0032 /* AudioPlayer */ = {
			isa = PBXNativeTarget;
			buildConfigurationList = CB1785F6277863A9003B0032 /* Build configuration list for PBXNativeTarget "AudioPlayer" */;
			buildPhases = (
				CB1785DE277863A7003B0032 /* Sources */,
				CB1785DF277863A7003B0032 /* Frameworks */,
				CB1785E0277863A7003B0032 /* Resources */,
			);
			buildRules = (
			);
			dependencies = (
			);
			name = AudioPlayer;
			productName = AudioPlayer;
			productReference = CB1785E2277863A7003B0032 /* AudioPlayer.app */;
			productType = "com.apple.product-type.application";
		};
/* End PBXNativeTarget section */

/* Begin PBXProject section */
		CB1785DA277863A7003B0032 /* Project object */ = {
			isa = PBXProject;
			attributes = {
				BuildIndependentTargetsInParallel = 1;
				LastSwiftUpdateCheck = 1320;
				LastUpgradeCheck = 1320;
				TargetAttributes = {
					CB1785E1277863A7003B0032 = {
						CreatedOnToolsVersion = 13.2;
					};
				};
			};
			buildConfigurationList = CB1785DD277863A7003B0032 /* Build configuration list for PBXProject "AudioPlayer" */;
			compatibilityVersion = "Xcode 13.0";
			developmentRegion = en;
			hasScannedForEncodings = 0;
			knownRegions = (
				en,
				Base,
			);
			mainGroup = CB1785D9277863A7003B0032;
			productRefGroup = CB1785E3277863A7003B0032 /* Products */;
			projectDirPath = "";
			projectRoot = "";
			targets = (
				CB1785E1277863A7003B0032 /* AudioPlayer */,
			);
		};
/* End PBXProject section */

/* Begin PBXResourcesBuildPhase section */
		CB1785E0277863A7003B0032 /* Resources */ = {
			isa = PBXResourcesBuildPhase;
			buildActionMask = 2147483647;
			files = (
				CBCE0FD727843718004EA2EA /* rebzyyx-hoshie-star-all-i-want-is-you-mp3.mp3 in Resources */,
				CBCE0FD627843718004EA2EA /* tima-belorusskikh-prosto-lera-minuta-vechera.mp3 in Resources */,
				CB1785F2277863A9003B0032 /* LaunchScreen.storyboard in Resources */,
				CBCE0FD527843718004EA2EA /* Жертва (Oxxxymiron diss).mp3 in Resources */,
				CB1785EF277863A9003B0032 /* Assets.xcassets in Resources */,
				CBCE0FD127843718004EA2EA /* vika-starikova-chajka-mp3.mp3 in Resources */,
				CBCE0FD027843718004EA2EA /* niletto-na-postu-mp3.mp3 in Resources */,
				CBCE0FCF27843718004EA2EA /* Оставь Меня Одну.mp3 in Resources */,
				CBCE0FD227843718004EA2EA /* Ее глаза.mp3 in Resources */,
			);
			runOnlyForDeploymentPostprocessing = 0;
		};
/* End PBXResourcesBuildPhase section */

/* Begin PBXSourcesBuildPhase section */
		CB1785DE277863A7003B0032 /* Sources */ = {
			isa = PBXSourcesBuildPhase;
			buildActionMask = 2147483647;
			files = (
				CB1785FB277875F9003B0032 /* Song.swift in Sources */,
				CB1785EA277863A7003B0032 /* MusicListViewController.swift in Sources */,
				CBCE0F9B27822B0F004EA2EA /* AVPlayerItemExtensions.swift in Sources */,
				CBCE0FD92785A605004EA2EA /* CustomSlider.swift in Sources */,
				CB1785E6277863A7003B0032 /* AppDelegate.swift in Sources */,
				CB1785E8277863A7003B0032 /* SceneDelegate.swift in Sources */,
				CB1785FD27787E3B003B0032 /* PlayerViewController.swift in Sources */,
				CBCE0F9F2782ECEB004EA2EA /* TimeIntervalExtensions.swift in Sources */,
			);
			runOnlyForDeploymentPostprocessing = 0;
		};
/* End PBXSourcesBuildPhase section */

/* Begin PBXVariantGroup section */
		CB1785F0277863A9003B0032 /* LaunchScreen.storyboard */ = {
			isa = PBXVariantGroup;
			children = (
				CB1785F1277863A9003B0032 /* Base */,
			);
			name = LaunchScreen.storyboard;
			sourceTree = "<group>";
		};
/* End PBXVariantGroup section */

/* Begin XCBuildConfiguration section */
		CB1785F4277863A9003B0032 /* Debug */ = {
			isa = XCBuildConfiguration;
			buildSettings = {
				ALWAYS_SEARCH_USER_PATHS = NO;
				CLANG_ANALYZER_NONNULL = YES;
				CLANG_ANALYZER_NUMBER_OBJECT_CONVERSION = YES_AGGRESSIVE;
				CLANG_CXX_LANGUAGE_STANDARD = "gnu++17";
				CLANG_CXX_LIBRARY = "libc++";
				CLANG_ENABLE_MODULES = YES;
				CLANG_ENABLE_OBJC_ARC = YES;
				CLANG_ENABLE_OBJC_WEAK = YES;
				CLANG_WARN_BLOCK_CAPTURE_AUTORELEASING = YES;
				CLANG_WARN_BOOL_CONVERSION = YES;
				CLANG_WARN_COMMA = YES;
				CLANG_WARN_CONSTANT_CONVERSION = YES;
				CLANG_WARN_DEPRECATED_OBJC_IMPLEMENTATIONS = YES;
				CLANG_WARN_DIRECT_OBJC_ISA_USAGE = YES_ERROR;
				CLANG_WARN_DOCUMENTATION_COMMENTS = YES;
				CLANG_WARN_EMPTY_BODY = YES;
				CLANG_WARN_ENUM_CONVERSION = YES;
				CLANG_WARN_INFINITE_RECURSION = YES;
				CLANG_WARN_INT_CONVERSION = YES;
				CLANG_WARN_NON_LITERAL_NULL_CONVERSION = YES;
				CLANG_WARN_OBJC_IMPLICIT_RETAIN_SELF = YES;
				CLANG_WARN_OBJC_LITERAL_CONVERSION = YES;
				CLANG_WARN_OBJC_ROOT_CLASS = YES_ERROR;
				CLANG_WARN_QUOTED_INCLUDE_IN_FRAMEWORK_HEADER = YES;
				CLANG_WARN_RANGE_LOOP_ANALYSIS = YES;
				CLANG_WARN_STRICT_PROTOTYPES = YES;
				CLANG_WARN_SUSPICIOUS_MOVE = YES;
				CLANG_WARN_UNGUARDED_AVAILABILITY = YES_AGGRESSIVE;
				CLANG_WARN_UNREACHABLE_CODE = YES;
				CLANG_WARN__DUPLICATE_METHOD_MATCH = YES;
				COPY_PHASE_STRIP = NO;
				DEBUG_INFORMATION_FORMAT = dwarf;
				ENABLE_STRICT_OBJC_MSGSEND = YES;
				ENABLE_TESTABILITY = YES;
				GCC_C_LANGUAGE_STANDARD = gnu11;
				GCC_DYNAMIC_NO_PIC = NO;
				GCC_NO_COMMON_BLOCKS = YES;
				GCC_OPTIMIZATION_LEVEL = 0;
				GCC_PREPROCESSOR_DEFINITIONS = (
					"DEBUG=1",
					"$(inherited)",
				);
				GCC_WARN_64_TO_32_BIT_CONVERSION = YES;
				GCC_WARN_ABOUT_RETURN_TYPE = YES_ERROR;
				GCC_WARN_UNDECLARED_SELECTOR = YES;
				GCC_WARN_UNINITIALIZED_AUTOS = YES_AGGRESSIVE;
				GCC_WARN_UNUSED_FUNCTION = YES;
				GCC_WARN_UNUSED_VARIABLE = YES;
				IPHONEOS_DEPLOYMENT_TARGET = 15.2;
				MTL_ENABLE_DEBUG_INFO = INCLUDE_SOURCE;
				MTL_FAST_MATH = YES;
				ONLY_ACTIVE_ARCH = YES;
				SDKROOT = iphoneos;
				SWIFT_ACTIVE_COMPILATION_CONDITIONS = DEBUG;
				SWIFT_OPTIMIZATION_LEVEL = "-Onone";
			};
			name = Debug;
		};
		CB1785F5277863A9003B0032 /* Release */ = {
			isa = XCBuildConfiguration;
			buildSettings = {
				ALWAYS_SEARCH_USER_PATHS = NO;
				CLANG_ANALYZER_NONNULL = YES;
				CLANG_ANALYZER_NUMBER_OBJECT_CONVERSION = YES_AGGRESSIVE;
				CLANG_CXX_LANGUAGE_STANDARD = "gnu++17";
				CLANG_CXX_LIBRARY = "libc++";
				CLANG_ENABLE_MODULES = YES;
				CLANG_ENABLE_OBJC_ARC = YES;
				CLANG_ENABLE_OBJC_WEAK = YES;
				CLANG_WARN_BLOCK_CAPTURE_AUTORELEASING = YES;
				CLANG_WARN_BOOL_CONVERSION = YES;
				CLANG_WARN_COMMA = YES;
				CLANG_WARN_CONSTANT_CONVERSION = YES;
				CLANG_WARN_DEPRECATED_OBJC_IMPLEMENTATIONS = YES;
				CLANG_WARN_DIRECT_OBJC_ISA_USAGE = YES_ERROR;
				CLANG_WARN_DOCUMENTATION_COMMENTS = YES;
				CLANG_WARN_EMPTY_BODY = YES;
				CLANG_WARN_ENUM_CONVERSION = YES;
				CLANG_WARN_INFINITE_RECURSION = YES;
				CLANG_WARN_INT_CONVERSION = YES;
				CLANG_WARN_NON_LITERAL_NULL_CONVERSION = YES;
				CLANG_WARN_OBJC_IMPLICIT_RETAIN_SELF = YES;
				CLANG_WARN_OBJC_LITERAL_CONVERSION = YES;
				CLANG_WARN_OBJC_ROOT_CLASS = YES_ERROR;
				CLANG_WARN_QUOTED_INCLUDE_IN_FRAMEWORK_HEADER = YES;
				CLANG_WARN_RANGE_LOOP_ANALYSIS = YES;
				CLANG_WARN_STRICT_PROTOTYPES = YES;
				CLANG_WARN_SUSPICIOUS_MOVE = YES;
				CLANG_WARN_UNGUARDED_AVAILABILITY = YES_AGGRESSIVE;
				CLANG_WARN_UNREACHABLE_CODE = YES;
				CLANG_WARN__DUPLICATE_METHOD_MATCH = YES;
				COPY_PHASE_STRIP = NO;
				DEBUG_INFORMATION_FORMAT = "dwarf-with-dsym";
				ENABLE_NS_ASSERTIONS = NO;
				ENABLE_STRICT_OBJC_MSGSEND = YES;
				GCC_C_LANGUAGE_STANDARD = gnu11;
				GCC_NO_COMMON_BLOCKS = YES;
				GCC_WARN_64_TO_32_BIT_CONVERSION = YES;
				GCC_WARN_ABOUT_RETURN_TYPE = YES_ERROR;
				GCC_WARN_UNDECLARED_SELECTOR = YES;
				GCC_WARN_UNINITIALIZED_AUTOS = YES_AGGRESSIVE;
				GCC_WARN_UNUSED_FUNCTION = YES;
				GCC_WARN_UNUSED_VARIABLE = YES;
				IPHONEOS_DEPLOYMENT_TARGET = 15.2;
				MTL_ENABLE_DEBUG_INFO = NO;
				MTL_FAST_MATH = YES;
				SDKROOT = iphoneos;
				SWIFT_COMPILATION_MODE = wholemodule;
				SWIFT_OPTIMIZATION_LEVEL = "-O";
				VALIDATE_PRODUCT = YES;
			};
			name = Release;
		};
		CB1785F7277863A9003B0032 /* Debug */ = {
			isa = XCBuildConfiguration;
			buildSettings = {
				ASSETCATALOG_COMPILER_APPICON_NAME = AppIcon;
				ASSETCATALOG_COMPILER_GLOBAL_ACCENT_COLOR_NAME = AccentColor;
				CODE_SIGN_STYLE = Automatic;
				CURRENT_PROJECT_VERSION = 1;
				DEVELOPMENT_TEAM = T7YWVGS7V5;
				GENERATE_INFOPLIST_FILE = YES;
				INFOPLIST_FILE = AudioPlayer/Info.plist;
				INFOPLIST_KEY_UIApplicationSupportsIndirectInputEvents = YES;
				INFOPLIST_KEY_UILaunchStoryboardName = LaunchScreen;
				INFOPLIST_KEY_UISupportedInterfaceOrientations_iPad = "UIInterfaceOrientationPortrait UIInterfaceOrientationPortraitUpsideDown UIInterfaceOrientationLandscapeLeft UIInterfaceOrientationLandscapeRight";
				INFOPLIST_KEY_UISupportedInterfaceOrientations_iPhone = "UIInterfaceOrientationPortrait UIInterfaceOrientationLandscapeLeft UIInterfaceOrientationLandscapeRight";
				LD_RUNPATH_SEARCH_PATHS = (
					"$(inherited)",
					"@executable_path/Frameworks",
				);
				MARKETING_VERSION = 1.0;
				PRODUCT_BUNDLE_IDENTIFIER = ru.gellert.AudioPlayer;
				PRODUCT_NAME = "$(TARGET_NAME)";
				SWIFT_EMIT_LOC_STRINGS = YES;
				SWIFT_VERSION = 5.0;
				TARGETED_DEVICE_FAMILY = "1,2";
			};
			name = Debug;
		};
		CB1785F8277863A9003B0032 /* Release */ = {
			isa = XCBuildConfiguration;
			buildSettings = {
				ASSETCATALOG_COMPILER_APPICON_NAME = AppIcon;
				ASSETCATALOG_COMPILER_GLOBAL_ACCENT_COLOR_NAME = AccentColor;
				CODE_SIGN_STYLE = Automatic;
				CURRENT_PROJECT_VERSION = 1;
				DEVELOPMENT_TEAM = T7YWVGS7V5;
				GENERATE_INFOPLIST_FILE = YES;
				INFOPLIST_FILE = AudioPlayer/Info.plist;
				INFOPLIST_KEY_UIApplicationSupportsIndirectInputEvents = YES;
				INFOPLIST_KEY_UILaunchStoryboardName = LaunchScreen;
				INFOPLIST_KEY_UISupportedInterfaceOrientations_iPad = "UIInterfaceOrientationPortrait UIInterfaceOrientationPortraitUpsideDown UIInterfaceOrientationLandscapeLeft UIInterfaceOrientationLandscapeRight";
				INFOPLIST_KEY_UISupportedInterfaceOrientations_iPhone = "UIInterfaceOrientationPortrait UIInterfaceOrientationLandscapeLeft UIInterfaceOrientationLandscapeRight";
				LD_RUNPATH_SEARCH_PATHS = (
					"$(inherited)",
					"@executable_path/Frameworks",
				);
				MARKETING_VERSION = 1.0;
				PRODUCT_BUNDLE_IDENTIFIER = ru.gellert.AudioPlayer;
				PRODUCT_NAME = "$(TARGET_NAME)";
				SWIFT_EMIT_LOC_STRINGS = YES;
				SWIFT_VERSION = 5.0;
				TARGETED_DEVICE_FAMILY = "1,2";
			};
			name = Release;
		};
/* End XCBuildConfiguration section */

/* Begin XCConfigurationList section */
		CB1785DD277863A7003B0032 /* Build configuration list for PBXProject "AudioPlayer" */ = {
			isa = XCConfigurationList;
			buildConfigurations = (
				CB1785F4277863A9003B0032 /* Debug */,
				CB1785F5277863A9003B0032 /* Release */,
			);
			defaultConfigurationIsVisible = 0;
			defaultConfigurationName = Release;
		};
		CB1785F6277863A9003B0032 /* Build configuration list for PBXNativeTarget "AudioPlayer" */ = {
			isa = XCConfigurationList;
			buildConfigurations = (
				CB1785F7277863A9003B0032 /* Debug */,
				CB1785F8277863A9003B0032 /* Release */,
			);
			defaultConfigurationIsVisible = 0;
			defaultConfigurationName = Release;
		};
/* End XCConfigurationList section */
	};
	rootObject = CB1785DA277863A7003B0032 /* Project object */;
}
